# This file is automatically @generated by Cargo.
# It is not intended for manual editing.
version = 3

[[package]]
name = "dev-test"
version = "0.1.0"
dependencies = [
 "rkalloc",
 "rkalloc_buddy",
 "runikraft",
]

[[package]]
name = "rkalloc"
version = "0.1.0"

[[package]]
name = "rkalloc_buddy"
version = "0.1.0"
dependencies = [
 "rkalloc",
]

[[package]]
name = "rkring"
version = "0.1.0"
dependencies = [
 "rkalloc",
]

[[package]]
name = "runikraft"
version = "0.1.0"
dependencies = [
 "rkalloc",
]
