# This file is automatically @generated by Cargo.
# It is not intended for manual editing.
version = 3

[[package]]
name = "dev-test"
version = "0.1.0"
dependencies = [
 "rkalloc",
 "rkalloc_buddy",
 "rkboot",
 "rkplat",
 "runikraft",
]

[[package]]
name = "rkalloc"
version = "0.1.0"

[[package]]
name = "rkalloc_buddy"
version = "0.1.0"
dependencies = [
 "rkalloc",
 "rkplat",
]

[[package]]
name = "rkblkdev"
version = "0.1.0"
dependencies = [
 "rkalloc",
 "rkplat",
 "rksched",
 "rkschedbasis",
 "runikraft",
]

[[package]]
name = "rkboot"
version = "0.1.0"
dependencies = [
 "rkalloc",
 "rkalloc_buddy",
 "rkplat",
 "runikraft",
]

[[package]]
name = "rkmbox"
version = "0.1.0"

[[package]]
name = "rkplat"
version = "0.1.0"
dependencies = [
 "rkalloc",
 "runikraft",
]

[[package]]
name = "rkring"
version = "0.1.0"
dependencies = [
 "rkalloc",
 "rkplat",
]

[[package]]
name = "rksched"
version = "0.1.0"
dependencies = [
 "rkalloc",
 "rkschedbasis",
 "rkschedcoop",
 "rkschedpreem",
]

[[package]]
name = "rkschedbasis"
version = "0.1.0"
dependencies = [
 "rkalloc",
 "runikraft",
]

[[package]]
name = "rkschedcoop"
version = "0.1.0"
dependencies = [
 "rkalloc",
 "rkschedbasis",
 "runikraft",
]

[[package]]
name = "rkschedpreem"
version = "0.1.0"
dependencies = [
 "rkalloc",
 "rkschedbasis",
 "runikraft",
]

[[package]]
name = "rksignal"
version = "0.1.0"
dependencies = [
 "runikraft",
]

[[package]]
name = "runikraft"
version = "0.1.0"
dependencies = [
 "rkalloc",
]
